{
  "requires": true,
  "lockfileVersion": 1,
  "dependencies": {
    "@swup/head-plugin": {
      "version": "1.0.2",
      "resolved": "https://registry.npmjs.org/@swup/head-plugin/-/head-plugin-1.0.2.tgz",
      "integrity": "sha512-Kv/iaM2maDwLrHwLoAVju2sa5TYp0j4vwKcCpjSmP6qLZ02wq+qjXVk7U6tU53PpwV29CwGJuIL8Y3Sa3h6LPw==",
      "requires": {
        "@swup/plugin": "^1.0.1"
      }
    },
    "@swup/plugin": {
      "version": "1.0.1",
      "resolved": "https://registry.npmjs.org/@swup/plugin/-/plugin-1.0.1.tgz",
      "integrity": "sha512-QrTGn1DLx+50CNsk6oGzUFnyNyLkDK6iLb032qKImmAXS+0Dd1cwa8cSGvJ+I27J4qR8y6oJNurgHIEc6ZCTrg=="
    },
    "@swup/preload-plugin": {
      "version": "1.0.3",
      "resolved": "https://registry.npmjs.org/@swup/preload-plugin/-/preload-plugin-1.0.3.tgz",
      "integrity": "sha512-Au2v5kwwrY2WFYEmRoHa8FXMq7S/7KgO+iG2n5IOS7CZfVilIpqTIEQQ8y7TZsQuL6+Pk/57aycYywVLZ8tc3w==",
      "requires": {
        "@swup/plugin": "^1.0.0",
        "delegate": "^3.2.0",
        "swup": "^2.0.0"
      },
      "dependencies": {
        "delegate": {
          "version": "3.2.0",
          "resolved": "https://registry.npmjs.org/delegate/-/delegate-3.2.0.tgz",
          "integrity": "sha512-IofjkYBZaZivn0V8nnsMJGBr4jVLxHDheKSW88PyxS5QC4Vo9ZbZVvhzlSxY87fVq3STR6r+4cGepyHkcWOQSw=="
        }
      }
    },
    "@swup/scripts-plugin": {
      "version": "1.0.1",
      "resolved": "https://registry.npmjs.org/@swup/scripts-plugin/-/scripts-plugin-1.0.1.tgz",
      "integrity": "sha512-gNnb4Q/rqMJQ4MI+N9QACqwCFLu28VlPC5KrE5jFQL4JB34zK9feWE4S1T9C5FE2Jp+n2uFwnxeInsPOE2tFgw==",
      "requires": {
        "@swup/plugin": "^1.0.1"
      }
    },
    "delegate": {
      "version": "3.1.3",
      "resolved": "https://registry.npmjs.org/delegate/-/delegate-3.1.3.tgz",
      "integrity": "sha1-moJRp3fXAl+qVXN7w7BxdCEnqf0="
    },
    "foundation-sites": {
      "version": "6.5.3",
      "resolved": "https://registry.npmjs.org/foundation-sites/-/foundation-sites-6.5.3.tgz",
      "integrity": "sha512-ZwI0idjHHjezh6jRjpPxkczvmtUuJ1uGatZHpyloX0MvsFHfM0BFoxrqdXryXugGPdmb+yJi3JYMnz6+5t3K1A=="
    },
    "swup": {
      "version": "2.0.4",
      "resolved": "https://registry.npmjs.org/swup/-/swup-2.0.4.tgz",
      "integrity": "sha512-0ugk90RVB3EdC8iO3RK/jjGN+/Lv4Npc6I2kT6sV7kb/qlPCzZjx+L9aMMDcPgJC+RhjU1wJ53WC1CuHuuUdmg==",
      "requires": {
        "delegate": "3.1.3"
      }
    }
  }
}
